// !$*UTF8*$!
{
	archiveVersion = 1;
	classes = {
	};
	objectVersion = 56;
	objects = {

/* Begin PBXBuildFile section */
		CD289D622B6A29050033E3C1 /* NewBMICalculatorApp.swift in Sources */ = {isa = PBXBuildFile; fileRef = CD289D612B6A29050033E3C1 /* NewBMICalculatorApp.swift */; };
		CD289D642B6A29050033E3C1 /* MainView.swift in Sources */ = {isa = PBXBuildFile; fileRef = CD289D632B6A29050033E3C1 /* MainView.swift */; };
		CD289D662B6A29070033E3C1 /* Assets.xcassets in Resources */ = {isa = PBXBuildFile; fileRef = CD289D652B6A29070033E3C1 /* Assets.xcassets */; };
		CD289D692B6A29070033E3C1 /* Preview Assets.xcassets in Resources */ = {isa = PBXBuildFile; fileRef = CD289D682B6A29070033E3C1 /* Preview Assets.xcassets */; };
		CD289D722B6A291E0033E3C1 /* UnitConverterView.swift in Sources */ = {isa = PBXBuildFile; fileRef = CD289D712B6A291E0033E3C1 /* UnitConverterView.swift */; };
		CD289D7E2B7361530033E3C1 /* MyDevView.swift in Sources */ = {isa = PBXBuildFile; fileRef = CD289D7D2B7361530033E3C1 /* MyDevView.swift */; };
		CD289D802B7361840033E3C1 /* MyBMICalculatorView.swift in Sources */ = {isa = PBXBuildFile; fileRef = CD289D7F2B7361840033E3C1 /* MyBMICalculatorView.swift */; };
		CD289D842B7362D70033E3C1 /* MyCircleImage.swift in Sources */ = {isa = PBXBuildFile; fileRef = CD289D832B7362D70033E3C1 /* MyCircleImage.swift */; };
/* End PBXBuildFile section */

/* Begin PBXFileReference section */
		CD289D5E2B6A29050033E3C1 /* NewBMICalculator.app */ = {isa = PBXFileReference; explicitFileType = wrapper.application; includeInIndex = 0; path = NewBMICalculator.app; sourceTree = BUILT_PRODUCTS_DIR; };
		CD289D612B6A29050033E3C1 /* NewBMICalculatorApp.swift */ = {isa = PBXFileReference; lastKnownFileType = sourcecode.swift; path = NewBMICalculatorApp.swift; sourceTree = "<group>"; };
		CD289D632B6A29050033E3C1 /* MainView.swift */ = {isa = PBXFileReference; lastKnownFileType = sourcecode.swift; path = MainView.swift; sourceTree = "<group>"; };
		CD289D652B6A29070033E3C1 /* Assets.xcassets */ = {isa = PBXFileReference; lastKnownFileType = folder.assetcatalog; path = Assets.xcassets; sourceTree = "<group>"; };
		CD289D682B6A29070033E3C1 /* Preview Assets.xcassets */ = {isa = PBXFileReference; lastKnownFileType = folder.assetcatalog; path = "Preview Assets.xcassets"; sourceTree = "<group>"; };
		CD289D712B6A291E0033E3C1 /* UnitConverterView.swift */ = {isa = PBXFileReference; lastKnownFileType = sourcecode.swift; path = UnitConverterView.swift; sourceTree = "<group>"; };
		CD289D7D2B7361530033E3C1 /* MyDevView.swift */ = {isa = PBXFileReference; lastKnownFileType = sourcecode.swift; path = MyDevView.swift; sourceTree = "<group>"; };
		CD289D7F2B7361840033E3C1 /* MyBMICalculatorView.swift */ = {isa = PBXFileReference; lastKnownFileType = sourcecode.swift; path = MyBMICalculatorView.swift; sourceTree = "<group>"; };
		CD289D832B7362D70033E3C1 /* MyCircleImage.swift */ = {isa = PBXFileReference; lastKnownFileType = sourcecode.swift; path = MyCircleImage.swift; sourceTree = "<group>"; };
/* End PBXFileReference section */

/* Begin PBXFrameworksBuildPhase section */
		CD289D5B2B6A29050033E3C1 /* Frameworks */ = {
			isa = PBXFrameworksBuildPhase;
			buildActionMask = 2147483647;
			files = (
			);
			runOnlyForDeploymentPostprocessing = 0;
		};
/* End PBXFrameworksBuildPhase section */

/* Begin PBXGroup section */
		CD289D552B6A29050033E3C1 = {
			isa = PBXGroup;
			children = (
				CD289D602B6A29050033E3C1 /* NewBMICalculator */,
				CD289D5F2B6A29050033E3C1 /* Products */,
			);
			sourceTree = "<group>";
		};
		CD289D5F2B6A29050033E3C1 /* Products */ = {
			isa = PBXGroup;
			children = (
				CD289D5E2B6A29050033E3C1 /* NewBMICalculator.app */,
			);
			name = Products;
			sourceTree = "<group>";
		};
		CD289D602B6A29050033E3C1 /* NewBMICalculator */ = {
			isa = PBXGroup;
			children = (
				CD289D612B6A29050033E3C1 /* NewBMICalculatorApp.swift */,
				CD289D632B6A29050033E3C1 /* MainView.swift */,
				CD289D7F2B7361840033E3C1 /* MyBMICalculatorView.swift */,
				CD289D712B6A291E0033E3C1 /* UnitConverterView.swift */,
				CD289D7D2B7361530033E3C1 /* MyDevView.swift */,
				CD289D652B6A29070033E3C1 /* Assets.xcassets */,
				CD289D672B6A29070033E3C1 /* Preview Content */,
				CD289D832B7362D70033E3C1 /* MyCircleImage.swift */,
			);
			path = NewBMICalculator;
			sourceTree = "<group>";
		};
		CD289D672B6A29070033E3C1 /* Preview Content */ = {
			isa = PBXGroup;
			children = (
				CD289D682B6A29070033E3C1 /* Preview Assets.xcassets */,
			);
			path = "Preview Content";
			sourceTree = "<group>";
		};
/* End PBXGroup section */

/* Begin PBXNativeTarget section */
		CD289D5D2B6A29050033E3C1 /* NewBMICalculator */ = {
			isa = PBXNativeTarget;
			buildConfigurationList = CD289D6C2B6A29070033E3C1 /* Build configuration list for PBXNativeTarget "NewBMICalculator" */;
			buildPhases = (
				CD289D5A2B6A29050033E3C1 /* Sources */,
				CD289D5B2B6A29050033E3C1 /* Frameworks */,
				CD289D5C2B6A29050033E3C1 /* Resources */,
			);
			buildRules = (
			);
			dependencies = (
			);
			name = NewBMICalculator;
			productName = NewBMICalculator;
			productReference = CD289D5E2B6A29050033E3C1 /* NewBMICalculator.app */;
			productType = "com.apple.product-type.application";
		};
/* End PBXNativeTarget section */

/* Begin PBXProject section */
		CD289D562B6A29050033E3C1 /* Project object */ = {
			isa = PBXProject;
			attributes = {
				BuildIndependentTargetsInParallel = 1;
				LastSwiftUpdateCheck = 1520;
				LastUpgradeCheck = 1520;
				TargetAttributes = {
					CD289D5D2B6A29050033E3C1 = {
						CreatedOnToolsVersion = 15.2;
					};
				};
			};
			buildConfigurationList = CD289D592B6A29050033E3C1 /* Build configuration list for PBXProject "NewBMICalculator" */;
			compatibilityVersion = "Xcode 14.0";
			developmentRegion = en;
			hasScannedForEncodings = 0;
			knownRegions = (
				en,
				Base,
			);
			mainGroup = CD289D552B6A29050033E3C1;
			productRefGroup = CD289D5F2B6A29050033E3C1 /* Products */;
			projectDirPath = "";
			projectRoot = "";
			targets = (
				CD289D5D2B6A29050033E3C1 /* NewBMICalculator */,
			);
		};
/* End PBXProject section */

/* Begin PBXResourcesBuildPhase section */
		CD289D5C2B6A29050033E3C1 /* Resources */ = {
			isa = PBXResourcesBuildPhase;
			buildActionMask = 2147483647;
			files = (
				CD289D692B6A29070033E3C1 /* Preview Assets.xcassets in Resources */,
				CD289D662B6A29070033E3C1 /* Assets.xcassets in Resources */,
			);
			runOnlyForDeploymentPostprocessing = 0;
		};
/* End PBXResourcesBuildPhase section */

/* Begin PBXSourcesBuildPhase section */
		CD289D5A2B6A29050033E3C1 /* Sources */ = {
			isa = PBXSourcesBuildPhase;
			buildActionMask = 2147483647;
			files = (
				CD289D802B7361840033E3C1 /* MyBMICalculatorView.swift in Sources */,
				CD289D842B7362D70033E3C1 /* MyCircleImage.swift in Sources */,
				CD289D642B6A29050033E3C1 /* MainView.swift in Sources */,
				CD289D622B6A29050033E3C1 /* NewBMICalculatorApp.swift in Sources */,
				CD289D7E2B7361530033E3C1 /* MyDevView.swift in Sources */,
				CD289D722B6A291E0033E3C1 /* UnitConverterView.swift in Sources */,
			);
			runOnlyForDeploymentPostprocessing = 0;
		};
/* End PBXSourcesBuildPhase section */

/* Begin XCBuildConfiguration section */
		CD289D6A2B6A29070033E3C1 /* Debug */ = {
			isa = XCBuildConfiguration;
			buildSettings = {
				ALWAYS_SEARCH_USER_PATHS = NO;
				ASSETCATALOG_COMPILER_GENERATE_SWIFT_ASSET_SYMBOL_EXTENSIONS = YES;
				CLANG_ANALYZER_NONNULL = YES;
				CLANG_ANALYZER_NUMBER_OBJECT_CONVERSION = YES_AGGRESSIVE;
				CLANG_CXX_LANGUAGE_STANDARD = "gnu++20";
				CLANG_ENABLE_MODULES = YES;
				CLANG_ENABLE_OBJC_ARC = YES;
				CLANG_ENABLE_OBJC_WEAK = YES;
				CLANG_WARN_BLOCK_CAPTURE_AUTORELEASING = YES;
				CLANG_WARN_BOOL_CONVERSION = YES;
				CLANG_WARN_COMMA = YES;
				CLANG_WARN_CONSTANT_CONVERSION = YES;
				CLANG_WARN_DEPRECATED_OBJC_IMPLEMENTATIONS = YES;
				CLANG_WARN_DIRECT_OBJC_ISA_USAGE = YES_ERROR;
				CLANG_WARN_DOCUMENTATION_COMMENTS = YES;
				CLANG_WARN_EMPTY_BODY = YES;
				CLANG_WARN_ENUM_CONVERSION = YES;
				CLANG_WARN_INFINITE_RECURSION = YES;
				CLANG_WARN_INT_CONVERSION = YES;
				CLANG_WARN_NON_LITERAL_NULL_CONVERSION = YES;
				CLANG_WARN_OBJC_IMPLICIT_RETAIN_SELF = YES;
				CLANG_WARN_OBJC_LITERAL_CONVERSION = YES;
				CLANG_WARN_OBJC_ROOT_CLASS = YES_ERROR;
				CLANG_WARN_QUOTED_INCLUDE_IN_FRAMEWORK_HEADER = YES;
				CLANG_WARN_RANGE_LOOP_ANALYSIS = YES;
				CLANG_WARN_STRICT_PROTOTYPES = YES;
				CLANG_WARN_SUSPICIOUS_MOVE = YES;
				CLANG_WARN_UNGUARDED_AVAILABILITY = YES_AGGRESSIVE;
				CLANG_WARN_UNREACHABLE_CODE = YES;
				CLANG_WARN__DUPLICATE_METHOD_MATCH = YES;
				COPY_PHASE_STRIP = NO;
				DEBUG_INFORMATION_FORMAT = dwarf;
				ENABLE_STRICT_OBJC_MSGSEND = YES;
				ENABLE_TESTABILITY = YES;
				ENABLE_USER_SCRIPT_SANDBOXING = YES;
				GCC_C_LANGUAGE_STANDARD = gnu17;
				GCC_DYNAMIC_NO_PIC = NO;
				GCC_NO_COMMON_BLOCKS = YES;
				GCC_OPTIMIZATION_LEVEL = 0;
				GCC_PREPROCESSOR_DEFINITIONS = (
					"DEBUG=1",
					"$(inherited)",
				);
				GCC_WARN_64_TO_32_BIT_CONVERSION = YES;
				GCC_WARN_ABOUT_RETURN_TYPE = YES_ERROR;
				GCC_WARN_UNDECLARED_SELECTOR = YES;
				GCC_WARN_UNINITIALIZED_AUTOS = YES_AGGRESSIVE;
				GCC_WARN_UNUSED_FUNCTION = YES;
				GCC_WARN_UNUSED_VARIABLE = YES;
				IPHONEOS_DEPLOYMENT_TARGET = 17.2;
				LOCALIZATION_PREFERS_STRING_CATALOGS = YES;
				MTL_ENABLE_DEBUG_INFO = INCLUDE_SOURCE;
				MTL_FAST_MATH = YES;
				ONLY_ACTIVE_ARCH = YES;
				SDKROOT = iphoneos;
				SWIFT_ACTIVE_COMPILATION_CONDITIONS = "DEBUG $(inherited)";
				SWIFT_OPTIMIZATION_LEVEL = "-Onone";
			};
			name = Debug;
		};
		CD289D6B2B6A29070033E3C1 /* Release */ = {
			isa = XCBuildConfiguration;
			buildSettings = {
				ALWAYS_SEARCH_USER_PATHS = NO;
				ASSETCATALOG_COMPILER_GENERATE_SWIFT_ASSET_SYMBOL_EXTENSIONS = YES;
				CLANG_ANALYZER_NONNULL = YES;
				CLANG_ANALYZER_NUMBER_OBJECT_CONVERSION = YES_AGGRESSIVE;
				CLANG_CXX_LANGUAGE_STANDARD = "gnu++20";
				CLANG_ENABLE_MODULES = YES;
				CLANG_ENABLE_OBJC_ARC = YES;
				CLANG_ENABLE_OBJC_WEAK = YES;
				CLANG_WARN_BLOCK_CAPTURE_AUTORELEASING = YES;
				CLANG_WARN_BOOL_CONVERSION = YES;
				CLANG_WARN_COMMA = YES;
				CLANG_WARN_CONSTANT_CONVERSION = YES;
				CLANG_WARN_DEPRECATED_OBJC_IMPLEMENTATIONS = YES;
				CLANG_WARN_DIRECT_OBJC_ISA_USAGE = YES_ERROR;
				CLANG_WARN_DOCUMENTATION_COMMENTS = YES;
				CLANG_WARN_EMPTY_BODY = YES;
				CLANG_WARN_ENUM_CONVERSION = YES;
				CLANG_WARN_INFINITE_RECURSION = YES;
				CLANG_WARN_INT_CONVERSION = YES;
				CLANG_WARN_NON_LITERAL_NULL_CONVERSION = YES;
				CLANG_WARN_OBJC_IMPLICIT_RETAIN_SELF = YES;
				CLANG_WARN_OBJC_LITERAL_CONVERSION = YES;
				CLANG_WARN_OBJC_ROOT_CLASS = YES_ERROR;
				CLANG_WARN_QUOTED_INCLUDE_IN_FRAMEWORK_HEADER = YES;
				CLANG_WARN_RANGE_LOOP_ANALYSIS = YES;
				CLANG_WARN_STRICT_PROTOTYPES = YES;
				CLANG_WARN_SUSPICIOUS_MOVE = YES;
				CLANG_WARN_UNGUARDED_AVAILABILITY = YES_AGGRESSIVE;
				CLANG_WARN_UNREACHABLE_CODE = YES;
				CLANG_WARN__DUPLICATE_METHOD_MATCH = YES;
				COPY_PHASE_STRIP = NO;
				DEBUG_INFORMATION_FORMAT = "dwarf-with-dsym";
				ENABLE_NS_ASSERTIONS = NO;
				ENABLE_STRICT_OBJC_MSGSEND = YES;
				ENABLE_USER_SCRIPT_SANDBOXING = YES;
				GCC_C_LANGUAGE_STANDARD = gnu17;
				GCC_NO_COMMON_BLOCKS = YES;
				GCC_WARN_64_TO_32_BIT_CONVERSION = YES;
				GCC_WARN_ABOUT_RETURN_TYPE = YES_ERROR;
				GCC_WARN_UNDECLARED_SELECTOR = YES;
				GCC_WARN_UNINITIALIZED_AUTOS = YES_AGGRESSIVE;
				GCC_WARN_UNUSED_FUNCTION = YES;
				GCC_WARN_UNUSED_VARIABLE = YES;
				IPHONEOS_DEPLOYMENT_TARGET = 17.2;
				LOCALIZATION_PREFERS_STRING_CATALOGS = YES;
				MTL_ENABLE_DEBUG_INFO = NO;
				MTL_FAST_MATH = YES;
				SDKROOT = iphoneos;
				SWIFT_COMPILATION_MODE = wholemodule;
				VALIDATE_PRODUCT = YES;
			};
			name = Release;
		};
		CD289D6D2B6A29070033E3C1 /* Debug */ = {
			isa = XCBuildConfiguration;
			buildSettings = {
				ASSETCATALOG_COMPILER_APPICON_NAME = AppIcon;
				ASSETCATALOG_COMPILER_GLOBAL_ACCENT_COLOR_NAME = AccentColor;
				CODE_SIGN_STYLE = Automatic;
				CURRENT_PROJECT_VERSION = 1;
				DEVELOPMENT_ASSET_PATHS = "\"NewBMICalculator/Preview Content\"";
				DEVELOPMENT_TEAM = Y6YHXN8B7Z;
				ENABLE_PREVIEWS = YES;
				GENERATE_INFOPLIST_FILE = YES;
				INFOPLIST_KEY_UIApplicationSceneManifest_Generation = YES;
				INFOPLIST_KEY_UIApplicationSupportsIndirectInputEvents = YES;
				INFOPLIST_KEY_UILaunchScreen_Generation = YES;
				INFOPLIST_KEY_UISupportedInterfaceOrientations_iPad = "UIInterfaceOrientationPortrait UIInterfaceOrientationPortraitUpsideDown UIInterfaceOrientationLandscapeLeft UIInterfaceOrientationLandscapeRight";
				INFOPLIST_KEY_UISupportedInterfaceOrientations_iPhone = "UIInterfaceOrientationPortrait UIInterfaceOrientationLandscapeLeft UIInterfaceOrientationLandscapeRight";
				LD_RUNPATH_SEARCH_PATHS = (
					"$(inherited)",
					"@executable_path/Frameworks",
				);
				MARKETING_VERSION = 1.0;
				PRODUCT_BUNDLE_IDENTIFIER = Shiberger.NewBMICalculator;
				PRODUCT_NAME = "$(TARGET_NAME)";
				SWIFT_EMIT_LOC_STRINGS = YES;
				SWIFT_VERSION = 5.0;
				TARGETED_DEVICE_FAMILY = "1,2";
			};
			name = Debug;
		};
		CD289D6E2B6A29070033E3C1 /* Release */ = {
			isa = XCBuildConfiguration;
			buildSettings = {
				ASSETCATALOG_COMPILER_APPICON_NAME = AppIcon;
				ASSETCATALOG_COMPILER_GLOBAL_ACCENT_COLOR_NAME = AccentColor;
				CODE_SIGN_STYLE = Automatic;
				CURRENT_PROJECT_VERSION = 1;
				DEVELOPMENT_ASSET_PATHS = "\"NewBMICalculator/Preview Content\"";
				DEVELOPMENT_TEAM = Y6YHXN8B7Z;
				ENABLE_PREVIEWS = YES;
				GENERATE_INFOPLIST_FILE = YES;
				INFOPLIST_KEY_UIApplicationSceneManifest_Generation = YES;
				INFOPLIST_KEY_UIApplicationSupportsIndirectInputEvents = YES;
				INFOPLIST_KEY_UILaunchScreen_Generation = YES;
				INFOPLIST_KEY_UISupportedInterfaceOrientations_iPad = "UIInterfaceOrientationPortrait UIInterfaceOrientationPortraitUpsideDown UIInterfaceOrientationLandscapeLeft UIInterfaceOrientationLandscapeRight";
				INFOPLIST_KEY_UISupportedInterfaceOrientations_iPhone = "UIInterfaceOrientationPortrait UIInterfaceOrientationLandscapeLeft UIInterfaceOrientationLandscapeRight";
				LD_RUNPATH_SEARCH_PATHS = (
					"$(inherited)",
					"@executable_path/Frameworks",
				);
				MARKETING_VERSION = 1.0;
				PRODUCT_BUNDLE_IDENTIFIER = Shiberger.NewBMICalculator;
				PRODUCT_NAME = "$(TARGET_NAME)";
				SWIFT_EMIT_LOC_STRINGS = YES;
				SWIFT_VERSION = 5.0;
				TARGETED_DEVICE_FAMILY = "1,2";
			};
			name = Release;
		};
/* End XCBuildConfiguration section */

/* Begin XCConfigurationList section */
		CD289D592B6A29050033E3C1 /* Build configuration list for PBXProject "NewBMICalculator" */ = {
			isa = XCConfigurationList;
			buildConfigurations = (
				CD289D6A2B6A29070033E3C1 /* Debug */,
				CD289D6B2B6A29070033E3C1 /* Release */,
			);
			defaultConfigurationIsVisible = 0;
			defaultConfigurationName = Release;
		};
		CD289D6C2B6A29070033E3C1 /* Build configuration list for PBXNativeTarget "NewBMICalculator" */ = {
			isa = XCConfigurationList;
			buildConfigurations = (
				CD289D6D2B6A29070033E3C1 /* Debug */,
				CD289D6E2B6A29070033E3C1 /* Release */,
			);
			defaultConfigurationIsVisible = 0;
			defaultConfigurationName = Release;
		};
/* End XCConfigurationList section */
	};
	rootObject = CD289D562B6A29050033E3C1 /* Project object */;
}
